
Microsoft Visual Studio Solution File, Format Version 12.00
# Visual Studio Version 17
VisualStudioVersion = 17.10.35122.118
MinimumVisualStudioVersion = 10.0.40219.1
Project("{9A19103F-16F7-4668-BE54-9A1E7A4F7556}") = "RegApi.Web", "RegApi.Web\RegApi.Web.csproj", "{66FE977B-E1FD-4B9E-881E-16265842412B}"
EndProject
Project("{9A19103F-16F7-4668-BE54-9A1E7A4F7556}") = "RegApi.Domain", "RegApi.Domain\RegApi.Domain.csproj", "{22B3111A-498B-4502-9704-421DC255A801}"
EndProject
Project("{9A19103F-16F7-4668-BE54-9A1E7A4F7556}") = "RegApi.Repository", "RegApi.Repository\RegApi.Repository.csproj", "{9458CC4C-0A1E-43A3-9714-A673C3C7156A}"
EndProject
Project("{9A19103F-16F7-4668-BE54-9A1E7A4F7556}") = "RegApi.Services", "RegApi.Services\RegApi.Services.csproj", "{5D982D3A-9916-4278-A3BF-A8245B53D9C6}"
EndProject
Project("{9A19103F-16F7-4668-BE54-9A1E7A4F7556}") = "RegApi.Shared", "RegApi.Shared\RegApi.Shared.csproj", "{4462FB87-43D2-4DE0-9E12-A35E3F40D0F4}"
EndProject
Project("{FAE04EC0-301F-11D3-BF4B-00C04F79EFBC}") = "EmailSender", "EmailSender\EmailSender.csproj", "{8C9581EB-2864-4734-8E5E-6A9F0F0CDBEE}"
EndProject
Global
	GlobalSection(SolutionConfigurationPlatforms) = preSolution
		Debug|Any CPU = Debug|Any CPU
		Release|Any CPU = Release|Any CPU
	EndGlobalSection
	GlobalSection(ProjectConfigurationPlatforms) = postSolution
		{66FE977B-E1FD-4B9E-881E-16265842412B}.Debug|Any CPU.ActiveCfg = Debug|Any CPU
		{66FE977B-E1FD-4B9E-881E-16265842412B}.Debug|Any CPU.Build.0 = Debug|Any CPU
		{66FE977B-E1FD-4B9E-881E-16265842412B}.Release|Any CPU.ActiveCfg = Release|Any CPU
		{66FE977B-E1FD-4B9E-881E-16265842412B}.Release|Any CPU.Build.0 = Release|Any CPU
		{22B3111A-498B-4502-9704-421DC255A801}.Debug|Any CPU.ActiveCfg = Debug|Any CPU
		{22B3111A-498B-4502-9704-421DC255A801}.Debug|Any CPU.Build.0 = Debug|Any CPU
		{22B3111A-498B-4502-9704-421DC255A801}.Release|Any CPU.ActiveCfg = Release|Any CPU
		{22B3111A-498B-4502-9704-421DC255A801}.Release|Any CPU.Build.0 = Release|Any CPU
		{9458CC4C-0A1E-43A3-9714-A673C3C7156A}.Debug|Any CPU.ActiveCfg = Debug|Any CPU
		{9458CC4C-0A1E-43A3-9714-A673C3C7156A}.Debug|Any CPU.Build.0 = Debug|Any CPU
		{9458CC4C-0A1E-43A3-9714-A673C3C7156A}.Release|Any CPU.ActiveCfg = Release|Any CPU
		{9458CC4C-0A1E-43A3-9714-A673C3C7156A}.Release|Any CPU.Build.0 = Release|Any CPU
		{5D982D3A-9916-4278-A3BF-A8245B53D9C6}.Debug|Any CPU.ActiveCfg = Debug|Any CPU
		{5D982D3A-9916-4278-A3BF-A8245B53D9C6}.Debug|Any CPU.Build.0 = Debug|Any CPU
		{5D982D3A-9916-4278-A3BF-A8245B53D9C6}.Release|Any CPU.ActiveCfg = Release|Any CPU
		{5D982D3A-9916-4278-A3BF-A8245B53D9C6}.Release|Any CPU.Build.0 = Release|Any CPU
		{4462FB87-43D2-4DE0-9E12-A35E3F40D0F4}.Debug|Any CPU.ActiveCfg = Debug|Any CPU
		{4462FB87-43D2-4DE0-9E12-A35E3F40D0F4}.Debug|Any CPU.Build.0 = Debug|Any CPU
		{4462FB87-43D2-4DE0-9E12-A35E3F40D0F4}.Release|Any CPU.ActiveCfg = Release|Any CPU
		{4462FB87-43D2-4DE0-9E12-A35E3F40D0F4}.Release|Any CPU.Build.0 = Release|Any CPU
		{8C9581EB-2864-4734-8E5E-6A9F0F0CDBEE}.Debug|Any CPU.ActiveCfg = Debug|Any CPU
		{8C9581EB-2864-4734-8E5E-6A9F0F0CDBEE}.Debug|Any CPU.Build.0 = Debug|Any CPU
		{8C9581EB-2864-4734-8E5E-6A9F0F0CDBEE}.Release|Any CPU.ActiveCfg = Release|Any CPU
		{8C9581EB-2864-4734-8E5E-6A9F0F0CDBEE}.Release|Any CPU.Build.0 = Release|Any CPU
	EndGlobalSection
	GlobalSection(SolutionProperties) = preSolution
		HideSolutionNode = FALSE
	EndGlobalSection
	GlobalSection(ExtensibilityGlobals) = postSolution
		SolutionGuid = {D3F20667-91D7-4179-ABF9-0083D152C2A3}
	EndGlobalSection
EndGlobal
